
Microsoft Visual Studio Solution File, Format Version 12.00
# Visual Studio Version 16
VisualStudioVersion = 16.0.30225.117
MinimumVisualStudioVersion = 10.0.40219.1
Project("{FAE04EC0-301F-11D3-BF4B-00C04F79EFBC}") = "AdventOfCode", "AdventOfCode\AdventOfCode.csproj", "{9E871C06-1D4E-4E12-B39F-BE088241F2BD}"
EndProject
Global
	GlobalSection(SolutionConfigurationPlatforms) = preSolution
		Debug|Any CPU = Debug|Any CPU
		Release|Any CPU = Release|Any CPU
	EndGlobalSection
	GlobalSection(ProjectConfigurationPlatforms) = postSolution
		{9E871C06-1D4E-4E12-B39F-BE088241F2BD}.Debug|Any CPU.ActiveCfg = Debug|Any CPU
		{9E871C06-1D4E-4E12-B39F-BE088241F2BD}.Debug|Any CPU.Build.0 = Debug|Any CPU
		{9E871C06-1D4E-4E12-B39F-BE088241F2BD}.Release|Any CPU.ActiveCfg = Release|Any CPU
		{9E871C06-1D4E-4E12-B39F-BE088241F2BD}.Release|Any CPU.Build.0 = Release|Any CPU
	EndGlobalSection
	GlobalSection(SolutionProperties) = preSolution
		HideSolutionNode = FALSE
	EndGlobalSection
	GlobalSection(ExtensibilityGlobals) = postSolution
		SolutionGuid = {C8AF3E76-D052-4FE0-91E7-836A27F96A43}
	EndGlobalSection
EndGlobal
